
Microsoft Visual Studio Solution File, Format Version 12.00
# Visual Studio 15
VisualStudioVersion = 15.0.28307.779
MinimumVisualStudioVersion = 10.0.40219.1
Project("{888888A0-9F3D-457C-B088-3A5042F75D52}") = "SeminarProject", "SeminarProject.pyproj", "{3B087734-5889-4D64-8158-EEF5659FEDD8}"
EndProject
Global
	GlobalSection(SolutionConfigurationPlatforms) = preSolution
		Debug|Any CPU = Debug|Any CPU
		Release|Any CPU = Release|Any CPU
	EndGlobalSection
	GlobalSection(ProjectConfigurationPlatforms) = postSolution
		{3B087734-5889-4D64-8158-EEF5659FEDD8}.Debug|Any CPU.ActiveCfg = Debug|Any CPU
		{3B087734-5889-4D64-8158-EEF5659FEDD8}.Release|Any CPU.ActiveCfg = Release|Any CPU
	EndGlobalSection
	GlobalSection(SolutionProperties) = preSolution
		HideSolutionNode = FALSE
	EndGlobalSection
	GlobalSection(ExtensibilityGlobals) = postSolution
		SolutionGuid = {9C86C820-14F7-4606-9A0E-020B5388DF2B}
	EndGlobalSection
EndGlobal
